// !$*UTF8*$!
{
	archiveVersion = 1;
	classes = {
	};
	objectVersion = 46;
	objects = {

/* Begin PBXBuildFile section */
		F851AA0D18D3C32800D17074 /* Foundation.framework in Frameworks */ = {isa = PBXBuildFile; fileRef = F851AA0C18D3C32800D17074 /* Foundation.framework */; };
		F851AA0F18D3C32800D17074 /* CoreGraphics.framework in Frameworks */ = {isa = PBXBuildFile; fileRef = F851AA0E18D3C32800D17074 /* CoreGraphics.framework */; };
		F851AA1118D3C32800D17074 /* UIKit.framework in Frameworks */ = {isa = PBXBuildFile; fileRef = F851AA1018D3C32800D17074 /* UIKit.framework */; };
		F851AA1718D3C32800D17074 /* InfoPlist.strings in Resources */ = {isa = PBXBuildFile; fileRef = F851AA1518D3C32800D17074 /* InfoPlist.strings */; };
		F851AA1918D3C32800D17074 /* main.m in Sources */ = {isa = PBXBuildFile; fileRef = F851AA1818D3C32800D17074 /* main.m */; };
		F851AA1D18D3C32800D17074 /* SLAppDelegate.m in Sources */ = {isa = PBXBuildFile; fileRef = F851AA1C18D3C32800D17074 /* SLAppDelegate.m */; };
		F851AA1F18D3C32800D17074 /* Images.xcassets in Resources */ = {isa = PBXBuildFile; fileRef = F851AA1E18D3C32800D17074 /* Images.xcassets */; };
		F851AA2618D3C32800D17074 /* XCTest.framework in Frameworks */ = {isa = PBXBuildFile; fileRef = F851AA2518D3C32800D17074 /* XCTest.framework */; };
		F851AA2718D3C32800D17074 /* Foundation.framework in Frameworks */ = {isa = PBXBuildFile; fileRef = F851AA0C18D3C32800D17074 /* Foundation.framework */; };
		F851AA2818D3C32800D17074 /* UIKit.framework in Frameworks */ = {isa = PBXBuildFile; fileRef = F851AA1018D3C32800D17074 /* UIKit.framework */; };
		F851AA3C18D3C34000D17074 /* MapKit.framework in Frameworks */ = {isa = PBXBuildFile; fileRef = F851AA3B18D3C34000D17074 /* MapKit.framework */; };
/* End PBXBuildFile section */

/* Begin PBXContainerItemProxy section */
		F851AA2918D3C32800D17074 /* PBXContainerItemProxy */ = {
			isa = PBXContainerItemProxy;
			containerPortal = F851AA0118D3C32700D17074 /* Project object */;
			proxyType = 1;
			remoteGlobalIDString = F851AA0818D3C32800D17074;
			remoteInfo = SLParallaxController;
		};
/* End PBXContainerItemProxy section */

/* Begin PBXFileReference section */
		F851AA0918D3C32800D17074 /* SLParallaxController.app */ = {isa = PBXFileReference; explicitFileType = wrapper.application; includeInIndex = 0; path = SLParallaxController.app; sourceTree = BUILT_PRODUCTS_DIR; };
		F851AA0C18D3C32800D17074 /* Foundation.framework */ = {isa = PBXFileReference; lastKnownFileType = wrapper.framework; name = Foundation.framework; path = System/Library/Frameworks/Foundation.framework; sourceTree = SDKROOT; };
		F851AA0E18D3C32800D17074 /* CoreGraphics.framework */ = {isa = PBXFileReference; lastKnownFileType = wrapper.framework; name = CoreGraphics.framework; path = System/Library/Frameworks/CoreGraphics.framework; sourceTree = SDKROOT; };
		F851AA1018D3C32800D17074 /* UIKit.framework */ = {isa = PBXFileReference; lastKnownFileType = wrapper.framework; name = UIKit.framework; path = System/Library/Frameworks/UIKit.framework; sourceTree = SDKROOT; };
		F851AA1418D3C32800D17074 /* SLParallaxController-Info.plist */ = {isa = PBXFileReference; lastKnownFileType = text.plist.xml; path = "SLParallaxController-Info.plist"; sourceTree = "<group>"; };
		F851AA1618D3C32800D17074 /* en */ = {isa = PBXFileReference; lastKnownFileType = text.plist.strings; name = en; path = en.lproj/InfoPlist.strings; sourceTree = "<group>"; };
		F851AA1818D3C32800D17074 /* main.m */ = {isa = PBXFileReference; lastKnownFileType = sourcecode.c.objc; path = main.m; sourceTree = "<group>"; };
		F851AA1A18D3C32800D17074 /* SLParallaxController-Prefix.pch */ = {isa = PBXFileReference; lastKnownFileType = sourcecode.c.h; path = "SLParallaxController-Prefix.pch"; sourceTree = "<group>"; };
		F851AA1B18D3C32800D17074 /* SLAppDelegate.h */ = {isa = PBXFileReference; lastKnownFileType = sourcecode.c.h; path = SLAppDelegate.h; sourceTree = "<group>"; };
		F851AA1C18D3C32800D17074 /* SLAppDelegate.m */ = {isa = PBXFileReference; lastKnownFileType = sourcecode.c.objc; path = SLAppDelegate.m; sourceTree = "<group>"; };
		F851AA1E18D3C32800D17074 /* Images.xcassets */ = {isa = PBXFileReference; lastKnownFileType = folder.assetcatalog; path = Images.xcassets; sourceTree = "<group>"; };
		F851AA2418D3C32800D17074 /* SLParallaxControllerTests.xctest */ = {isa = PBXFileReference; explicitFileType = wrapper.cfbundle; includeInIndex = 0; path = SLParallaxControllerTests.xctest; sourceTree = BUILT_PRODUCTS_DIR; };
		F851AA2518D3C32800D17074 /* XCTest.framework */ = {isa = PBXFileReference; lastKnownFileType = wrapper.framework; name = XCTest.framework; path = Library/Frameworks/XCTest.framework; sourceTree = DEVELOPER_DIR; };
		F851AA3B18D3C34000D17074 /* MapKit.framework */ = {isa = PBXFileReference; lastKnownFileType = wrapper.framework; name = MapKit.framework; path = System/Library/Frameworks/MapKit.framework; sourceTree = SDKROOT; };
/* End PBXFileReference section */

/* Begin PBXFrameworksBuildPhase section */
		F851AA0618D3C32800D17074 /* Frameworks */ = {
			isa = PBXFrameworksBuildPhase;
			buildActionMask = 2147483647;
			files = (
				F851AA3C18D3C34000D17074 /* MapKit.framework in Frameworks */,
				F851AA0F18D3C32800D17074 /* CoreGraphics.framework in Frameworks */,
				F851AA1118D3C32800D17074 /* UIKit.framework in Frameworks */,
				F851AA0D18D3C32800D17074 /* Foundation.framework in Frameworks */,
			);
			runOnlyForDeploymentPostprocessing = 0;
		};
		F851AA2118D3C32800D17074 /* Frameworks */ = {
			isa = PBXFrameworksBuildPhase;
			buildActionMask = 2147483647;
			files = (
				F851AA2618D3C32800D17074 /* XCTest.framework in Frameworks */,
				F851AA2818D3C32800D17074 /* UIKit.framework in Frameworks */,
				F851AA2718D3C32800D17074 /* Foundation.framework in Frameworks */,
			);
			runOnlyForDeploymentPostprocessing = 0;
		};
/* End PBXFrameworksBuildPhase section */

/* Begin PBXGroup section */
		F851AA0018D3C32700D17074 = {
			isa = PBXGroup;
			children = (
				F851AA1218D3C32800D17074 /* SLParallaxController */,
				F851AA0B18D3C32800D17074 /* Frameworks */,
				F851AA0A18D3C32800D17074 /* Products */,
			);
			sourceTree = "<group>";
		};
		F851AA0A18D3C32800D17074 /* Products */ = {
			isa = PBXGroup;
			children = (
				F851AA0918D3C32800D17074 /* SLParallaxController.app */,
				F851AA2418D3C32800D17074 /* SLParallaxControllerTests.xctest */,
			);
			name = Products;
			sourceTree = "<group>";
		};
		F851AA0B18D3C32800D17074 /* Frameworks */ = {
			isa = PBXGroup;
			children = (
				F851AA3B18D3C34000D17074 /* MapKit.framework */,
				F851AA0C18D3C32800D17074 /* Foundation.framework */,
				F851AA0E18D3C32800D17074 /* CoreGraphics.framework */,
				F851AA1018D3C32800D17074 /* UIKit.framework */,
				F851AA2518D3C32800D17074 /* XCTest.framework */,
			);
			name = Frameworks;
			sourceTree = "<group>";
		};
		F851AA1218D3C32800D17074 /* SLParallaxController */ = {
			isa = PBXGroup;
			children = (
				F851AA1B18D3C32800D17074 /* SLAppDelegate.h */,
				F851AA1C18D3C32800D17074 /* SLAppDelegate.m */,
				F851AA1E18D3C32800D17074 /* Images.xcassets */,
				F851AA1318D3C32800D17074 /* Supporting Files */,
			);
			path = SLParallaxController;
			sourceTree = "<group>";
		};
		F851AA1318D3C32800D17074 /* Supporting Files */ = {
			isa = PBXGroup;
			children = (
				F851AA1418D3C32800D17074 /* SLParallaxController-Info.plist */,
				F851AA1518D3C32800D17074 /* InfoPlist.strings */,
				F851AA1818D3C32800D17074 /* main.m */,
				F851AA1A18D3C32800D17074 /* SLParallaxController-Prefix.pch */,
			);
			name = "Supporting Files";
			sourceTree = "<group>";
		};
/* End PBXGroup section */

/* Begin PBXNativeTarget section */
		F851AA0818D3C32800D17074 /* SLParallaxController */ = {
			isa = PBXNativeTarget;
			buildConfigurationList = F851AA3518D3C32800D17074 /* Build configuration list for PBXNativeTarget "SLParallaxController" */;
			buildPhases = (
				F851AA0518D3C32800D17074 /* Sources */,
				F851AA0618D3C32800D17074 /* Frameworks */,
				F851AA0718D3C32800D17074 /* Resources */,
			);
			buildRules = (
			);
			dependencies = (
			);
			name = SLParallaxController;
			productName = SLParallaxController;
			productReference = F851AA0918D3C32800D17074 /* SLParallaxController.app */;
			productType = "com.apple.product-type.application";
		};
		F851AA2318D3C32800D17074 /* SLParallaxControllerTests */ = {
			isa = PBXNativeTarget;
			buildConfigurationList = F851AA3818D3C32800D17074 /* Build configuration list for PBXNativeTarget "SLParallaxControllerTests" */;
			buildPhases = (
				F851AA2018D3C32800D17074 /* Sources */,
				F851AA2118D3C32800D17074 /* Frameworks */,
				F851AA2218D3C32800D17074 /* Resources */,
			);
			buildRules = (
			);
			dependencies = (
				F851AA2A18D3C32800D17074 /* PBXTargetDependency */,
			);
			name = SLParallaxControllerTests;
			productName = SLParallaxControllerTests;
			productReference = F851AA2418D3C32800D17074 /* SLParallaxControllerTests.xctest */;
			productType = "com.apple.product-type.bundle.unit-test";
		};
/* End PBXNativeTarget section */

/* Begin PBXProject section */
		F851AA0118D3C32700D17074 /* Project object */ = {
			isa = PBXProject;
			attributes = {
				CLASSPREFIX = SL;
				LastUpgradeCheck = 0510;
				ORGANIZATIONNAME = "Stefan Lage";
				TargetAttributes = {
					F851AA2318D3C32800D17074 = {
						TestTargetID = F851AA0818D3C32800D17074;
					};
				};
			};
			buildConfigurationList = F851AA0418D3C32700D17074 /* Build configuration list for PBXProject "SLParallaxController" */;
			compatibilityVersion = "Xcode 3.2";
			developmentRegion = English;
			hasScannedForEncodings = 0;
			knownRegions = (
				en,
			);
			mainGroup = F851AA0018D3C32700D17074;
			productRefGroup = F851AA0A18D3C32800D17074 /* Products */;
			projectDirPath = "";
			projectRoot = "";
			targets = (
				F851AA0818D3C32800D17074 /* SLParallaxController */,
				F851AA2318D3C32800D17074 /* SLParallaxControllerTests */,
			);
		};
/* End PBXProject section */

/* Begin PBXResourcesBuildPhase section */
		F851AA0718D3C32800D17074 /* Resources */ = {
			isa = PBXResourcesBuildPhase;
			buildActionMask = 2147483647;
			files = (
				F851AA1718D3C32800D17074 /* InfoPlist.strings in Resources */,
				F851AA1F18D3C32800D17074 /* Images.xcassets in Resources */,
			);
			runOnlyForDeploymentPostprocessing = 0;
		};
		F851AA2218D3C32800D17074 /* Resources */ = {
			isa = PBXResourcesBuildPhase;
			buildActionMask = 2147483647;
			files = (
			);
			runOnlyForDeploymentPostprocessing = 0;
		};
/* End PBXResourcesBuildPhase section */

/* Begin PBXSourcesBuildPhase section */
		F851AA0518D3C32800D17074 /* Sources */ = {
			isa = PBXSourcesBuildPhase;
			buildActionMask = 2147483647;
			files = (
				F851AA1918D3C32800D17074 /* main.m in Sources */,
				F851AA1D18D3C32800D17074 /* SLAppDelegate.m in Sources */,
			);
			runOnlyForDeploymentPostprocessing = 0;
		};
		F851AA2018D3C32800D17074 /* Sources */ = {
			isa = PBXSourcesBuildPhase;
			buildActionMask = 2147483647;
			files = (
			);
			runOnlyForDeploymentPostprocessing = 0;
		};
/* End PBXSourcesBuildPhase section */

/* Begin PBXTargetDependency section */
		F851AA2A18D3C32800D17074 /* PBXTargetDependency */ = {
			isa = PBXTargetDependency;
			target = F851AA0818D3C32800D17074 /* SLParallaxController */;
			targetProxy = F851AA2918D3C32800D17074 /* PBXContainerItemProxy */;
		};
/* End PBXTargetDependency section */

/* Begin PBXVariantGroup section */
		F851AA1518D3C32800D17074 /* InfoPlist.strings */ = {
			isa = PBXVariantGroup;
			children = (
				F851AA1618D3C32800D17074 /* en */,
			);
			name = InfoPlist.strings;
			sourceTree = "<group>";
		};
/* End PBXVariantGroup section */

/* Begin XCBuildConfiguration section */
		F851AA3318D3C32800D17074 /* Debug */ = {
			isa = XCBuildConfiguration;
			buildSettings = {
				ALWAYS_SEARCH_USER_PATHS = NO;
				CLANG_CXX_LANGUAGE_STANDARD = "gnu++0x";
				CLANG_CXX_LIBRARY = "libc++";
				CLANG_ENABLE_MODULES = YES;
				CLANG_ENABLE_OBJC_ARC = YES;
				CLANG_WARN_BOOL_CONVERSION = YES;
				CLANG_WARN_CONSTANT_CONVERSION = YES;
				CLANG_WARN_DIRECT_OBJC_ISA_USAGE = YES_ERROR;
				CLANG_WARN_EMPTY_BODY = YES;
				CLANG_WARN_ENUM_CONVERSION = YES;
				CLANG_WARN_INT_CONVERSION = YES;
				CLANG_WARN_OBJC_ROOT_CLASS = YES_ERROR;
				CLANG_WARN__DUPLICATE_METHOD_MATCH = YES;
				"CODE_SIGN_IDENTITY[sdk=iphoneos*]" = "iPhone Developer";
				COPY_PHASE_STRIP = NO;
				GCC_C_LANGUAGE_STANDARD = gnu99;
				GCC_DYNAMIC_NO_PIC = NO;
				GCC_OPTIMIZATION_LEVEL = 0;
				GCC_PREPROCESSOR_DEFINITIONS = (
					"DEBUG=1",
					"$(inherited)",
				);
				GCC_SYMBOLS_PRIVATE_EXTERN = NO;
				GCC_WARN_64_TO_32_BIT_CONVERSION = YES;
				GCC_WARN_ABOUT_RETURN_TYPE = YES_ERROR;
				GCC_WARN_UNDECLARED_SELECTOR = YES;
				GCC_WARN_UNINITIALIZED_AUTOS = YES_AGGRESSIVE;
				GCC_WARN_UNUSED_FUNCTION = YES;
				GCC_WARN_UNUSED_VARIABLE = YES;
				IPHONEOS_DEPLOYMENT_TARGET = 7.1;
				ONLY_ACTIVE_ARCH = YES;
				SDKROOT = iphoneos;
			};
			name = Debug;
		};
		F851AA3418D3C32800D17074 /* Release */ = {
			isa = XCBuildConfiguration;
			buildSettings = {
				ALWAYS_SEARCH_USER_PATHS = NO;
				CLANG_CXX_LANGUAGE_STANDARD = "gnu++0x";
				CLANG_CXX_LIBRARY = "libc++";
				CLANG_ENABLE_MODULES = YES;
				CLANG_ENABLE_OBJC_ARC = YES;
				CLANG_WARN_BOOL_CONVERSION = YES;
				CLANG_WARN_CONSTANT_CONVERSION = YES;
				CLANG_WARN_DIRECT_OBJC_ISA_USAGE = YES_ERROR;
				CLANG_WARN_EMPTY_BODY = YES;
				CLANG_WARN_ENUM_CONVERSION = YES;
				CLANG_WARN_INT_CONVERSION = YES;
				CLANG_WARN_OBJC_ROOT_CLASS = YES_ERROR;
				CLANG_WARN__DUPLICATE_METHOD_MATCH = YES;
				"CODE_SIGN_IDENTITY[sdk=iphoneos*]" = "iPhone Developer";
				COPY_PHASE_STRIP = YES;
				ENABLE_NS_ASSERTIONS = NO;
				GCC_C_LANGUAGE_STANDARD = gnu99;
				GCC_WARN_64_TO_32_BIT_CONVERSION = YES;
				GCC_WARN_ABOUT_RETURN_TYPE = YES_ERROR;
				GCC_WARN_UNDECLARED_SELECTOR = YES;
				GCC_WARN_UNINITIALIZED_AUTOS = YES_AGGRESSIVE;
				GCC_WARN_UNUSED_FUNCTION = YES;
				GCC_WARN_UNUSED_VARIABLE = YES;
				IPHONEOS_DEPLOYMENT_TARGET = 7.1;
				SDKROOT = iphoneos;
				VALIDATE_PRODUCT = YES;
			};
			name = Release;
		};
		F851AA3618D3C32800D17074 /* Debug */ = {
			isa = XCBuildConfiguration;
			buildSettings = {
				ASSETCATALOG_COMPILER_APPICON_NAME = AppIcon;
				ASSETCATALOG_COMPILER_LAUNCHIMAGE_NAME = LaunchImage;
				GCC_PRECOMPILE_PREFIX_HEADER = YES;
				GCC_PREFIX_HEADER = "SLParallaxController/SLParallaxController-Prefix.pch";
				INFOPLIST_FILE = "SLParallaxController/SLParallaxController-Info.plist";
				IPHONEOS_DEPLOYMENT_TARGET = 7.0;
				PRODUCT_NAME = "$(TARGET_NAME)";
				WRAPPER_EXTENSION = app;
			};
			name = Debug;
		};
		F851AA3718D3C32800D17074 /* Release */ = {
			isa = XCBuildConfiguration;
			buildSettings = {
				ASSETCATALOG_COMPILER_APPICON_NAME = AppIcon;
				ASSETCATALOG_COMPILER_LAUNCHIMAGE_NAME = LaunchImage;
				GCC_PRECOMPILE_PREFIX_HEADER = YES;
				GCC_PREFIX_HEADER = "SLParallaxController/SLParallaxController-Prefix.pch";
				INFOPLIST_FILE = "SLParallaxController/SLParallaxController-Info.plist";
				IPHONEOS_DEPLOYMENT_TARGET = 7.0;
				PRODUCT_NAME = "$(TARGET_NAME)";
				WRAPPER_EXTENSION = app;
			};
			name = Release;
		};
		F851AA3918D3C32800D17074 /* Debug */ = {
			isa = XCBuildConfiguration;
			buildSettings = {
				BUNDLE_LOADER = "$(BUILT_PRODUCTS_DIR)/SLParallaxController.app/SLParallaxController";
				FRAMEWORK_SEARCH_PATHS = (
					"$(SDKROOT)/Developer/Library/Frameworks",
					"$(inherited)",
					"$(DEVELOPER_FRAMEWORKS_DIR)",
				);
				GCC_PRECOMPILE_PREFIX_HEADER = YES;
				GCC_PREFIX_HEADER = "SLParallaxController/SLParallaxController-Prefix.pch";
				GCC_PREPROCESSOR_DEFINITIONS = (
					"DEBUG=1",
					"$(inherited)",
				);
				INFOPLIST_FILE = "SLParallaxControllerTests/SLParallaxControllerTests-Info.plist";
				PRODUCT_NAME = "$(TARGET_NAME)";
				TEST_HOST = "$(BUNDLE_LOADER)";
				WRAPPER_EXTENSION = xctest;
			};
			name = Debug;
		};
		F851AA3A18D3C32800D17074 /* Release */ = {
			isa = XCBuildConfiguration;
			buildSettings = {
				BUNDLE_LOADER = "$(BUILT_PRODUCTS_DIR)/SLParallaxController.app/SLParallaxController";
				FRAMEWORK_SEARCH_PATHS = (
					"$(SDKROOT)/Developer/Library/Frameworks",
					"$(inherited)",
					"$(DEVELOPER_FRAMEWORKS_DIR)",
				);
				GCC_PRECOMPILE_PREFIX_HEADER = YES;
				GCC_PREFIX_HEADER = "SLParallaxController/SLParallaxController-Prefix.pch";
				INFOPLIST_FILE = "SLParallaxControllerTests/SLParallaxControllerTests-Info.plist";
				PRODUCT_NAME = "$(TARGET_NAME)";
				TEST_HOST = "$(BUNDLE_LOADER)";
				WRAPPER_EXTENSION = xctest;
			};
			name = Release;
		};
/* End XCBuildConfiguration section */

/* Begin XCConfigurationList section */
		F851AA0418D3C32700D17074 /* Build configuration list for PBXProject "SLParallaxController" */ = {
			isa = XCConfigurationList;
			buildConfigurations = (
				F851AA3318D3C32800D17074 /* Debug */,
				F851AA3418D3C32800D17074 /* Release */,
			);
			defaultConfigurationIsVisible = 0;
			defaultConfigurationName = Release;
		};
		F851AA3518D3C32800D17074 /* Build configuration list for PBXNativeTarget "SLParallaxController" */ = {
			isa = XCConfigurationList;
			buildConfigurations = (
				F851AA3618D3C32800D17074 /* Debug */,
				F851AA3718D3C32800D17074 /* Release */,
			);
			defaultConfigurationIsVisible = 0;
		};
		F851AA3818D3C32800D17074 /* Build configuration list for PBXNativeTarget "SLParallaxControllerTests" */ = {
			isa = XCConfigurationList;
			buildConfigurations = (
				F851AA3918D3C32800D17074 /* Debug */,
				F851AA3A18D3C32800D17074 /* Release */,
			);
			defaultConfigurationIsVisible = 0;
		};
/* End XCConfigurationList section */
	};
	rootObject = F851AA0118D3C32700D17074 /* Project object */;
}
